{
  "name": "autoaide",
  "version": "0.1.0",
  "lockfileVersion": 3,
  "requires": true,
  "packages": {
    "": {
      "name": "autoaide",
      "version": "0.1.0",
      "hasInstallScript": true,
      "bin": {
        "autoaide": "bin/autoaide.mjs"
      },
      "engines": {
        "node": ">=22"
      }
    }
  }
}
